
Microsoft Visual Studio Solution File, Format Version 12.00
# Visual Studio Version 17
VisualStudioVersion = 17.3.32901.215
MinimumVisualStudioVersion = 10.0.40219.1
Project("{FAE04EC0-301F-11D3-BF4B-00C04F79EFBC}") = "Exercico3", "Exercico3\Exercico3.csproj", "{02BF9E76-60EF-44CD-91F8-2A6447EB99BD}"
EndProject
Global
	GlobalSection(SolutionConfigurationPlatforms) = preSolution
		Debug|Any CPU = Debug|Any CPU
		Release|Any CPU = Release|Any CPU
	EndGlobalSection
	GlobalSection(ProjectConfigurationPlatforms) = postSolution
		{02BF9E76-60EF-44CD-91F8-2A6447EB99BD}.Debug|Any CPU.ActiveCfg = Debug|Any CPU
		{02BF9E76-60EF-44CD-91F8-2A6447EB99BD}.Debug|Any CPU.Build.0 = Debug|Any CPU
		{02BF9E76-60EF-44CD-91F8-2A6447EB99BD}.Release|Any CPU.ActiveCfg = Release|Any CPU
		{02BF9E76-60EF-44CD-91F8-2A6447EB99BD}.Release|Any CPU.Build.0 = Release|Any CPU
	EndGlobalSection
	GlobalSection(SolutionProperties) = preSolution
		HideSolutionNode = FALSE
	EndGlobalSection
	GlobalSection(ExtensibilityGlobals) = postSolution
		SolutionGuid = {703DE1D6-C498-4FC4-BF23-451EAA5A2190}
	EndGlobalSection
EndGlobal
