
Microsoft Visual Studio Solution File, Format Version 12.00
# Visual Studio Version 16
VisualStudioVersion = 16.0.29020.237
MinimumVisualStudioVersion = 10.0.40219.1
Project("{FAE04EC0-301F-11D3-BF4B-00C04F79EFBC}") = "Exercicio2", "Exercicio2\Exercicio2.csproj", "{7FE29C90-794C-4CDB-A5D2-43F57E5B1508}"
EndProject
Global
	GlobalSection(SolutionConfigurationPlatforms) = preSolution
		Debug|Any CPU = Debug|Any CPU
		Release|Any CPU = Release|Any CPU
	EndGlobalSection
	GlobalSection(ProjectConfigurationPlatforms) = postSolution
		{7FE29C90-794C-4CDB-A5D2-43F57E5B1508}.Debug|Any CPU.ActiveCfg = Debug|Any CPU
		{7FE29C90-794C-4CDB-A5D2-43F57E5B1508}.Debug|Any CPU.Build.0 = Debug|Any CPU
		{7FE29C90-794C-4CDB-A5D2-43F57E5B1508}.Release|Any CPU.ActiveCfg = Release|Any CPU
		{7FE29C90-794C-4CDB-A5D2-43F57E5B1508}.Release|Any CPU.Build.0 = Release|Any CPU
	EndGlobalSection
	GlobalSection(SolutionProperties) = preSolution
		HideSolutionNode = FALSE
	EndGlobalSection
	GlobalSection(ExtensibilityGlobals) = postSolution
		SolutionGuid = {D4DBDC40-09E1-43CC-A5DB-B3CE8A93DDDC}
	EndGlobalSection
EndGlobal
