
Microsoft Visual Studio Solution File, Format Version 12.00
# Visual Studio Version 17
VisualStudioVersion = 17.3.32901.215
MinimumVisualStudioVersion = 10.0.40219.1
Project("{FAE04EC0-301F-11D3-BF4B-00C04F79EFBC}") = "exercicio3", "exercicio3\exercicio3.csproj", "{ADD9624B-F427-41F5-BCDE-CD63CECECB68}"
EndProject
Global
	GlobalSection(SolutionConfigurationPlatforms) = preSolution
		Debug|Any CPU = Debug|Any CPU
		Release|Any CPU = Release|Any CPU
	EndGlobalSection
	GlobalSection(ProjectConfigurationPlatforms) = postSolution
		{ADD9624B-F427-41F5-BCDE-CD63CECECB68}.Debug|Any CPU.ActiveCfg = Debug|Any CPU
		{ADD9624B-F427-41F5-BCDE-CD63CECECB68}.Debug|Any CPU.Build.0 = Debug|Any CPU
		{ADD9624B-F427-41F5-BCDE-CD63CECECB68}.Release|Any CPU.ActiveCfg = Release|Any CPU
		{ADD9624B-F427-41F5-BCDE-CD63CECECB68}.Release|Any CPU.Build.0 = Release|Any CPU
	EndGlobalSection
	GlobalSection(SolutionProperties) = preSolution
		HideSolutionNode = FALSE
	EndGlobalSection
	GlobalSection(ExtensibilityGlobals) = postSolution
		SolutionGuid = {4ED0A354-83B6-45F4-995A-32B3810BD5C9}
	EndGlobalSection
EndGlobal
