
Microsoft Visual Studio Solution File, Format Version 12.00
# Visual Studio Version 17
VisualStudioVersion = 17.3.32901.215
MinimumVisualStudioVersion = 10.0.40219.1
Project("{FAE04EC0-301F-11D3-BF4B-00C04F79EFBC}") = "exercicio5", "exercicio5\exercicio5.csproj", "{C2ED5561-768E-4043-B3B6-F1CAF88C34FA}"
EndProject
Global
	GlobalSection(SolutionConfigurationPlatforms) = preSolution
		Debug|Any CPU = Debug|Any CPU
		Release|Any CPU = Release|Any CPU
	EndGlobalSection
	GlobalSection(ProjectConfigurationPlatforms) = postSolution
		{C2ED5561-768E-4043-B3B6-F1CAF88C34FA}.Debug|Any CPU.ActiveCfg = Debug|Any CPU
		{C2ED5561-768E-4043-B3B6-F1CAF88C34FA}.Debug|Any CPU.Build.0 = Debug|Any CPU
		{C2ED5561-768E-4043-B3B6-F1CAF88C34FA}.Release|Any CPU.ActiveCfg = Release|Any CPU
		{C2ED5561-768E-4043-B3B6-F1CAF88C34FA}.Release|Any CPU.Build.0 = Release|Any CPU
	EndGlobalSection
	GlobalSection(SolutionProperties) = preSolution
		HideSolutionNode = FALSE
	EndGlobalSection
	GlobalSection(ExtensibilityGlobals) = postSolution
		SolutionGuid = {9904E886-3C54-4F2E-AF98-B3F6AF64D1DF}
	EndGlobalSection
EndGlobal
