
Microsoft Visual Studio Solution File, Format Version 12.00
# Visual Studio Version 17
VisualStudioVersion = 17.3.32901.215
MinimumVisualStudioVersion = 10.0.40219.1
Project("{FAE04EC0-301F-11D3-BF4B-00C04F79EFBC}") = "Exercico7", "Exercico7\Exercico7.csproj", "{3672B354-8C54-43B1-A380-9C31A6F975FD}"
EndProject
Global
	GlobalSection(SolutionConfigurationPlatforms) = preSolution
		Debug|Any CPU = Debug|Any CPU
		Release|Any CPU = Release|Any CPU
	EndGlobalSection
	GlobalSection(ProjectConfigurationPlatforms) = postSolution
		{3672B354-8C54-43B1-A380-9C31A6F975FD}.Debug|Any CPU.ActiveCfg = Debug|Any CPU
		{3672B354-8C54-43B1-A380-9C31A6F975FD}.Debug|Any CPU.Build.0 = Debug|Any CPU
		{3672B354-8C54-43B1-A380-9C31A6F975FD}.Release|Any CPU.ActiveCfg = Release|Any CPU
		{3672B354-8C54-43B1-A380-9C31A6F975FD}.Release|Any CPU.Build.0 = Release|Any CPU
	EndGlobalSection
	GlobalSection(SolutionProperties) = preSolution
		HideSolutionNode = FALSE
	EndGlobalSection
	GlobalSection(ExtensibilityGlobals) = postSolution
		SolutionGuid = {18F4DEEB-82BC-4134-9317-BD6FFF986EBD}
	EndGlobalSection
EndGlobal
